// !$*UTF8*$!
{
	archiveVersion = 1;
	classes = {
	};
	objectVersion = 46;
	objects = {

/* Begin PBXBuildFile section */
		9C38FBA11DCBB5F700CE2722 /* AppDelegate.swift in Sources */ = {isa = PBXBuildFile; fileRef = 9C38FBA01DCBB5F700CE2722 /* AppDelegate.swift */; };
		9C38FBA31DCBB5F700CE2722 /* ViewController.swift in Sources */ = {isa = PBXBuildFile; fileRef = 9C38FBA21DCBB5F700CE2722 /* ViewController.swift */; };
		9C38FBA61DCBB5F700CE2722 /* Main.storyboard in Resources */ = {isa = PBXBuildFile; fileRef = 9C38FBA41DCBB5F700CE2722 /* Main.storyboard */; };
		9C38FBA81DCBB5F700CE2722 /* Assets.xcassets in Resources */ = {isa = PBXBuildFile; fileRef = 9C38FBA71DCBB5F700CE2722 /* Assets.xcassets */; };
		9C38FBAB1DCBB5F700CE2722 /* LaunchScreen.storyboard in Resources */ = {isa = PBXBuildFile; fileRef = 9C38FBA91DCBB5F700CE2722 /* LaunchScreen.storyboard */; };
/* End PBXBuildFile section */

/* Begin PBXFileReference section */
		9C38FB9D1DCBB5F700CE2722 /* gitDemo.app */ = {isa = PBXFileReference; explicitFileType = wrapper.application; includeInIndex = 0; path = gitDemo.app; sourceTree = BUILT_PRODUCTS_DIR; };
		9C38FBA01DCBB5F700CE2722 /* AppDelegate.swift */ = {isa = PBXFileReference; lastKnownFileType = sourcecode.swift; path = AppDelegate.swift; sourceTree = "<group>"; };
		9C38FBA21DCBB5F700CE2722 /* ViewController.swift */ = {isa = PBXFileReference; lastKnownFileType = sourcecode.swift; path = ViewController.swift; sourceTree = "<group>"; };
		9C38FBA51DCBB5F700CE2722 /* Base */ = {isa = PBXFileReference; lastKnownFileType = file.storyboard; name = Base; path = Base.lproj/Main.storyboard; sourceTree = "<group>"; };
		9C38FBA71DCBB5F700CE2722 /* Assets.xcassets */ = {isa = PBXFileReference; lastKnownFileType = folder.assetcatalog; path = Assets.xcassets; sourceTree = "<group>"; };
		9C38FBAA1DCBB5F700CE2722 /* Base */ = {isa = PBXFileReference; lastKnownFileType = file.storyboard; name = Base; path = Base.lproj/LaunchScreen.storyboard; sourceTree = "<group>"; };
		9C38FBAC1DCBB5F700CE2722 /* Info.plist */ = {isa = PBXFileReference; lastKnownFileType = text.plist.xml; path = Info.plist; sourceTree = "<group>"; };
/* End PBXFileReference section */

/* Begin PBXFrameworksBuildPhase section */
		9C38FB9A1DCBB5F700CE2722 /* Frameworks */ = {
			isa = PBXFrameworksBuildPhase;
			buildActionMask = 2147483647;
			files = (
			);
			runOnlyForDeploymentPostprocessing = 0;
		};
/* End PBXFrameworksBuildPhase section */

/* Begin PBXGroup section */
		9C38FB941DCBB5F700CE2722 = {
			isa = PBXGroup;
			children = (
				9C38FB9F1DCBB5F700CE2722 /* gitDemo */,
				9C38FB9E1DCBB5F700CE2722 /* Products */,
			);
			sourceTree = "<group>";
		};
		9C38FB9E1DCBB5F700CE2722 /* Products */ = {
			isa = PBXGroup;
			children = (
				9C38FB9D1DCBB5F700CE2722 /* gitDemo.app */,
			);
			name = Products;
			sourceTree = "<group>";
		};
		9C38FB9F1DCBB5F700CE2722 /* gitDemo */ = {
			isa = PBXGroup;
			children = (
				9C38FBA01DCBB5F700CE2722 /* AppDelegate.swift */,
				9C38FBA21DCBB5F700CE2722 /* ViewController.swift */,
				9C38FBA41DCBB5F700CE2722 /* Main.storyboard */,
				9C38FBA71DCBB5F700CE2722 /* Assets.xcassets */,
				9C38FBA91DCBB5F700CE2722 /* LaunchScreen.storyboard */,
				9C38FBAC1DCBB5F700CE2722 /* Info.plist */,
			);
			path = gitDemo;
			sourceTree = "<group>";
		};
/* End PBXGroup section */

/* Begin PBXNativeTarget section */
		9C38FB9C1DCBB5F700CE2722 /* gitDemo */ = {
			isa = PBXNativeTarget;
			buildConfigurationList = 9C38FBAF1DCBB5F700CE2722 /* Build configuration list for PBXNativeTarget "gitDemo" */;
			buildPhases = (
				9C38FB991DCBB5F700CE2722 /* Sources */,
				9C38FB9A1DCBB5F700CE2722 /* Frameworks */,
				9C38FB9B1DCBB5F700CE2722 /* Resources */,
			);
			buildRules = (
			);
			dependencies = (
			);
			name = gitDemo;
			productName = gitDemo;
			productReference = 9C38FB9D1DCBB5F700CE2722 /* gitDemo.app */;
			productType = "com.apple.product-type.application";
		};
/* End PBXNativeTarget section */

/* Begin PBXProject section */
		9C38FB951DCBB5F700CE2722 /* Project object */ = {
			isa = PBXProject;
			attributes = {
				LastSwiftUpdateCheck = 0730;
				LastUpgradeCheck = 0730;
				ORGANIZATIONNAME = "Karambir Dahiya";
				TargetAttributes = {
					9C38FB9C1DCBB5F700CE2722 = {
						CreatedOnToolsVersion = 7.3.1;
					};
				};
			};
			buildConfigurationList = 9C38FB981DCBB5F700CE2722 /* Build configuration list for PBXProject "gitDemo" */;
			compatibilityVersion = "Xcode 3.2";
			developmentRegion = English;
			hasScannedForEncodings = 0;
			knownRegions = (
				en,
				Base,
			);
			mainGroup = 9C38FB941DCBB5F700CE2722;
			productRefGroup = 9C38FB9E1DCBB5F700CE2722 /* Products */;
			projectDirPath = "";
			projectRoot = "";
			targets = (
				9C38FB9C1DCBB5F700CE2722 /* gitDemo */,
			);
		};
/* End PBXProject section */

/* Begin PBXResourcesBuildPhase section */
		9C38FB9B1DCBB5F700CE2722 /* Resources */ = {
			isa = PBXResourcesBuildPhase;
			buildActionMask = 2147483647;
			files = (
				9C38FBAB1DCBB5F700CE2722 /* LaunchScreen.storyboard in Resources */,
				9C38FBA81DCBB5F700CE2722 /* Assets.xcassets in Resources */,
				9C38FBA61DCBB5F700CE2722 /* Main.storyboard in Resources */,
			);
			runOnlyForDeploymentPostprocessing = 0;
		};
/* End PBXResourcesBuildPhase section */

/* Begin PBXSourcesBuildPhase section */
		9C38FB991DCBB5F700CE2722 /* Sources */ = {
			isa = PBXSourcesBuildPhase;
			buildActionMask = 2147483647;
			files = (
				9C38FBA31DCBB5F700CE2722 /* ViewController.swift in Sources */,
				9C38FBA11DCBB5F700CE2722 /* AppDelegate.swift in Sources */,
			);
			runOnlyForDeploymentPostprocessing = 0;
		};
/* End PBXSourcesBuildPhase section */

/* Begin PBXVariantGroup section */
		9C38FBA41DCBB5F700CE2722 /* Main.storyboard */ = {
			isa = PBXVariantGroup;
			children = (
				9C38FBA51DCBB5F700CE2722 /* Base */,
			);
			name = Main.storyboard;
			sourceTree = "<group>";
		};
		9C38FBA91DCBB5F700CE2722 /* LaunchScreen.storyboard */ = {
			isa = PBXVariantGroup;
			children = (
				9C38FBAA1DCBB5F700CE2722 /* Base */,
			);
			name = LaunchScreen.storyboard;
			sourceTree = "<group>";
		};
/* End PBXVariantGroup section */

/* Begin XCBuildConfiguration section */
		9C38FBAD1DCBB5F700CE2722 /* Debug */ = {
			isa = XCBuildConfiguration;
			buildSettings = {
				ALWAYS_SEARCH_USER_PATHS = NO;
				CLANG_ANALYZER_NONNULL = YES;
				CLANG_CXX_LANGUAGE_STANDARD = "gnu++0x";
				CLANG_CXX_LIBRARY = "libc++";
				CLANG_ENABLE_MODULES = YES;
				CLANG_ENABLE_OBJC_ARC = YES;
				CLANG_WARN_BOOL_CONVERSION = YES;
				CLANG_WARN_CONSTANT_CONVERSION = YES;
				CLANG_WARN_DIRECT_OBJC_ISA_USAGE = YES_ERROR;
				CLANG_WARN_EMPTY_BODY = YES;
				CLANG_WARN_ENUM_CONVERSION = YES;
				CLANG_WARN_INT_CONVERSION = YES;
				CLANG_WARN_OBJC_ROOT_CLASS = YES_ERROR;
				CLANG_WARN_UNREACHABLE_CODE = YES;
				CLANG_WARN__DUPLICATE_METHOD_MATCH = YES;
				"CODE_SIGN_IDENTITY[sdk=iphoneos*]" = "iPhone Developer";
				COPY_PHASE_STRIP = NO;
				DEBUG_INFORMATION_FORMAT = dwarf;
				ENABLE_STRICT_OBJC_MSGSEND = YES;
				ENABLE_TESTABILITY = YES;
				GCC_C_LANGUAGE_STANDARD = gnu99;
				GCC_DYNAMIC_NO_PIC = NO;
				GCC_NO_COMMON_BLOCKS = YES;
				GCC_OPTIMIZATION_LEVEL = 0;
				GCC_PREPROCESSOR_DEFINITIONS = (
					"DEBUG=1",
					"$(inherited)",
				);
				GCC_WARN_64_TO_32_BIT_CONVERSION = YES;
				GCC_WARN_ABOUT_RETURN_TYPE = YES_ERROR;
				GCC_WARN_UNDECLARED_SELECTOR = YES;
				GCC_WARN_UNINITIALIZED_AUTOS = YES_AGGRESSIVE;
				GCC_WARN_UNUSED_FUNCTION = YES;
				GCC_WARN_UNUSED_VARIABLE = YES;
				IPHONEOS_DEPLOYMENT_TARGET = 9.3;
				MTL_ENABLE_DEBUG_INFO = YES;
				ONLY_ACTIVE_ARCH = YES;
				SDKROOT = iphoneos;
				SWIFT_OPTIMIZATION_LEVEL = "-Onone";
				TARGETED_DEVICE_FAMILY = "1,2";
			};
			name = Debug;
		};
		9C38FBAE1DCBB5F700CE2722 /* Release */ = {
			isa = XCBuildConfiguration;
			buildSettings = {
				ALWAYS_SEARCH_USER_PATHS = NO;
				CLANG_ANALYZER_NONNULL = YES;
				CLANG_CXX_LANGUAGE_STANDARD = "gnu++0x";
				CLANG_CXX_LIBRARY = "libc++";
				CLANG_ENABLE_MODULES = YES;
				CLANG_ENABLE_OBJC_ARC = YES;
				CLANG_WARN_BOOL_CONVERSION = YES;
				CLANG_WARN_CONSTANT_CONVERSION = YES;
				CLANG_WARN_DIRECT_OBJC_ISA_USAGE = YES_ERROR;
				CLANG_WARN_EMPTY_BODY = YES;
				CLANG_WARN_ENUM_CONVERSION = YES;
				CLANG_WARN_INT_CONVERSION = YES;
				CLANG_WARN_OBJC_ROOT_CLASS = YES_ERROR;
				CLANG_WARN_UNREACHABLE_CODE = YES;
				CLANG_WARN__DUPLICATE_METHOD_MATCH = YES;
				"CODE_SIGN_IDENTITY[sdk=iphoneos*]" = "iPhone Developer";
				COPY_PHASE_STRIP = NO;
				DEBUG_INFORMATION_FORMAT = "dwarf-with-dsym";
				ENABLE_NS_ASSERTIONS = NO;
				ENABLE_STRICT_OBJC_MSGSEND = YES;
				GCC_C_LANGUAGE_STANDARD = gnu99;
				GCC_NO_COMMON_BLOCKS = YES;
				GCC_WARN_64_TO_32_BIT_CONVERSION = YES;
				GCC_WARN_ABOUT_RETURN_TYPE = YES_ERROR;
				GCC_WARN_UNDECLARED_SELECTOR = YES;
				GCC_WARN_UNINITIALIZED_AUTOS = YES_AGGRESSIVE;
				GCC_WARN_UNUSED_FUNCTION = YES;
				GCC_WARN_UNUSED_VARIABLE = YES;
				IPHONEOS_DEPLOYMENT_TARGET = 9.3;
				MTL_ENABLE_DEBUG_INFO = NO;
				SDKROOT = iphoneos;
				TARGETED_DEVICE_FAMILY = "1,2";
				VALIDATE_PRODUCT = YES;
			};
			name = Release;
		};
		9C38FBB01DCBB5F700CE2722 /* Debug */ = {
			isa = XCBuildConfiguration;
			buildSettings = {
				ASSETCATALOG_COMPILER_APPICON_NAME = AppIcon;
				INFOPLIST_FILE = gitDemo/Info.plist;
				LD_RUNPATH_SEARCH_PATHS = "$(inherited) @executable_path/Frameworks";
				PRODUCT_BUNDLE_IDENTIFIER = com.karmvir.gitDemo;
				PRODUCT_NAME = "$(TARGET_NAME)";
			};
			name = Debug;
		};
		9C38FBB11DCBB5F700CE2722 /* Release */ = {
			isa = XCBuildConfiguration;
			buildSettings = {
				ASSETCATALOG_COMPILER_APPICON_NAME = AppIcon;
				INFOPLIST_FILE = gitDemo/Info.plist;
				LD_RUNPATH_SEARCH_PATHS = "$(inherited) @executable_path/Frameworks";
				PRODUCT_BUNDLE_IDENTIFIER = com.karmvir.gitDemo;
				PRODUCT_NAME = "$(TARGET_NAME)";
			};
			name = Release;
		};
/* End XCBuildConfiguration section */

/* Begin XCConfigurationList section */
		9C38FB981DCBB5F700CE2722 /* Build configuration list for PBXProject "gitDemo" */ = {
			isa = XCConfigurationList;
			buildConfigurations = (
				9C38FBAD1DCBB5F700CE2722 /* Debug */,
				9C38FBAE1DCBB5F700CE2722 /* Release */,
			);
			defaultConfigurationIsVisible = 0;
			defaultConfigurationName = Release;
		};
		9C38FBAF1DCBB5F700CE2722 /* Build configuration list for PBXNativeTarget "gitDemo" */ = {
			isa = XCConfigurationList;
			buildConfigurations = (
				9C38FBB01DCBB5F700CE2722 /* Debug */,
				9C38FBB11DCBB5F700CE2722 /* Release */,
			);
			defaultConfigurationIsVisible = 0;
		};
/* End XCConfigurationList section */
	};
	rootObject = 9C38FB951DCBB5F700CE2722 /* Project object */;
}
